# THIS IS AN AUTOGENERATED FILE. DO NOT EDIT THIS FILE DIRECTLY.
# yarn lockfile v1


"@babel/code-frame@^7.0.0", "@babel/code-frame@^7.10.4":
  "integrity" "sha512-vG6SvB6oYEhvgisZNFRmRCUkLz11c7rp+tbNTynGqc6mS1d5ATd/sGyV6W0KZZnXRKMTzZDRgQT3Ou9jhpAfUg=="
  "resolved" "https://registry.npmjs.org/@babel/code-frame/-/code-frame-7.10.4.tgz"
  "version" "7.10.4"
  dependencies:
    "@babel/highlight" "^7.10.4"

"@babel/generator@^7.11.0":
  "integrity" "sha512-fEm3Uzw7Mc9Xi//qU20cBKatTfs2aOtKqmvy/Vm7RkJEGFQ4xc9myCfbXxqK//ZS8MR/ciOHw6meGASJuKmDfQ=="
  "resolved" "https://registry.npmjs.org/@babel/generator/-/generator-7.11.0.tgz"
  "version" "7.11.0"
  dependencies:
    "@babel/types" "^7.11.0"
    "jsesc" "^2.5.1"
    "source-map" "^0.5.0"

"@babel/helper-function-name@^7.10.4":
  "integrity" "sha512-YdaSyz1n8gY44EmN7x44zBn9zQ1Ry2Y+3GTA+3vH6Mizke1Vw0aWDM66FOYEPw8//qKkmqOckrGgTYa+6sceqQ=="
  "resolved" "https://registry.npmjs.org/@babel/helper-function-name/-/helper-function-name-7.10.4.tgz"
  "version" "7.10.4"
  dependencies:
    "@babel/helper-get-function-arity" "^7.10.4"
    "@babel/template" "^7.10.4"
    "@babel/types" "^7.10.4"

"@babel/helper-get-function-arity@^7.10.4":
  "integrity" "sha512-EkN3YDB+SRDgiIUnNgcmiD361ti+AVbL3f3Henf6dqqUyr5dMsorno0lJWJuLhDhkI5sYEpgj6y9kB8AOU1I2A=="
  "resolved" "https://registry.npmjs.org/@babel/helper-get-function-arity/-/helper-get-function-arity-7.10.4.tgz"
  "version" "7.10.4"
  dependencies:
    "@babel/types" "^7.10.4"

"@babel/helper-split-export-declaration@^7.11.0":
  "integrity" "sha512-74Vejvp6mHkGE+m+k5vHY93FX2cAtrw1zXrZXRlG4l410Nm9PxfEiVTn1PjDPV5SnmieiueY4AFg2xqhNFuuZg=="
  "resolved" "https://registry.npmjs.org/@babel/helper-split-export-declaration/-/helper-split-export-declaration-7.11.0.tgz"
  "version" "7.11.0"
  dependencies:
    "@babel/types" "^7.11.0"

"@babel/helper-validator-identifier@^7.10.4":
  "integrity" "sha512-3U9y+43hz7ZM+rzG24Qe2mufW5KhvFg/NhnNph+i9mgCtdTCtMJuI1TMkrIUiK7Ix4PYlRF9I5dhqaLYA/ADXw=="
  "resolved" "https://registry.npmjs.org/@babel/helper-validator-identifier/-/helper-validator-identifier-7.10.4.tgz"
  "version" "7.10.4"

"@babel/highlight@^7.10.4":
  "integrity" "sha512-i6rgnR/YgPEQzZZnbTHHuZdlE8qyoBNalD6F+q4vAFlcMEcqmkoG+mPqJYJCo63qPf74+Y1UZsl3l6f7/RIkmA=="
  "resolved" "https://registry.npmjs.org/@babel/highlight/-/highlight-7.10.4.tgz"
  "version" "7.10.4"
  dependencies:
    "@babel/helper-validator-identifier" "^7.10.4"
    "chalk" "^2.0.0"
    "js-tokens" "^4.0.0"

"@babel/parser@^7.10.4", "@babel/parser@^7.11.0", "@babel/parser@^7.7.0":
  "integrity" "sha512-REo8xv7+sDxkKvoxEywIdsNFiZLybwdI7hcT5uEPyQrSMB4YQ973BfC9OOrD/81MaIjh6UxdulIQXkjmiH3PcA=="
  "resolved" "https://registry.npmjs.org/@babel/parser/-/parser-7.11.3.tgz"
  "version" "7.11.3"

"@babel/template@^7.10.4":
  "integrity" "sha512-ZCjD27cGJFUB6nmCB1Enki3r+L5kJveX9pq1SvAUKoICy6CZ9yD8xO086YXdYhvNjBdnekm4ZnaP5yC8Cs/1tA=="
  "resolved" "https://registry.npmjs.org/@babel/template/-/template-7.10.4.tgz"
  "version" "7.10.4"
  dependencies:
    "@babel/code-frame" "^7.10.4"
    "@babel/parser" "^7.10.4"
    "@babel/types" "^7.10.4"

"@babel/traverse@^7.7.0":
  "integrity" "sha512-ZB2V+LskoWKNpMq6E5UUCrjtDUh5IOTAyIl0dTjIEoXum/iKWkoIEKIRDnUucO6f+2FzNkE0oD4RLKoPIufDtg=="
  "resolved" "https://registry.npmjs.org/@babel/traverse/-/traverse-7.11.0.tgz"
  "version" "7.11.0"
  dependencies:
    "@babel/code-frame" "^7.10.4"
    "@babel/generator" "^7.11.0"
    "@babel/helper-function-name" "^7.10.4"
    "@babel/helper-split-export-declaration" "^7.11.0"
    "@babel/parser" "^7.11.0"
    "@babel/types" "^7.11.0"
    "debug" "^4.1.0"
    "globals" "^11.1.0"
    "lodash" "^4.17.19"

"@babel/types@^7.10.4", "@babel/types@^7.11.0", "@babel/types@^7.7.0":
  "integrity" "sha512-O53yME4ZZI0jO1EVGtF1ePGl0LHirG4P1ibcD80XyzZcKhcMFeCXmh4Xb1ifGBIV233Qg12x4rBfQgA+tmOukA=="
  "resolved" "https://registry.npmjs.org/@babel/types/-/types-7.11.0.tgz"
  "version" "7.11.0"
  dependencies:
    "@babel/helper-validator-identifier" "^7.10.4"
    "lodash" "^4.17.19"
    "to-fast-properties" "^2.0.0"

"@rollup/plugin-typescript@^8.2.0":
  "integrity" "sha512-5DyVsb7L+ehLfNPu/nat8Gq3uJGzku4bMFPt90XahtgiSBf7z9YKPLqFUJKMT41W/mJ98SVGDPOhzikGrr/Lhg=="
  "resolved" "https://registry.npmjs.org/@rollup/plugin-typescript/-/plugin-typescript-8.2.0.tgz"
  "version" "8.2.0"
  dependencies:
    "@rollup/pluginutils" "^3.1.0"
    "resolve" "^1.17.0"

"@rollup/pluginutils@^3.1.0":
  "integrity" "sha512-GksZ6pr6TpIjHm8h9lSQ8pi8BE9VeubNT0OMJ3B5uZJ8pz73NPiqOtCog/x2/QzM1ENChPKxMDhiQuRHsqc+lg=="
  "resolved" "https://registry.npmjs.org/@rollup/pluginutils/-/pluginutils-3.1.0.tgz"
  "version" "3.1.0"
  dependencies:
    "@types/estree" "0.0.39"
    "estree-walker" "^1.0.1"
    "picomatch" "^2.2.2"

"@types/color-name@^1.1.1":
  "integrity" "sha512-rr+OQyAjxze7GgWrSaJwydHStIhHq2lvY3BOC2Mj7KnzI7XK0Uw1TOOdI9lDoajEbSWLiYgoo4f1R51erQfhPQ=="
  "resolved" "https://registry.npmjs.org/@types/color-name/-/color-name-1.1.1.tgz"
  "version" "1.1.1"

"@types/estree@0.0.39":
  "integrity" "sha512-EYNwp3bU+98cpU4lAWYYL7Zz+2gryWH1qbdDTidVd6hkiR6weksdbMadyXKXNPEkQFhXM+hVO9ZygomHXp+AIw=="
  "resolved" "https://registry.npmjs.org/@types/estree/-/estree-0.0.39.tgz"
  "version" "0.0.39"

"@types/node@*":
  "integrity" "sha512-kVrqXhbclHNHGu9ztnAwSncIgJv/FaxmzXJvGXNdcCpV1b8u1/Mi6z6m0vwy0LzKeXFTPLH0NzwmoJ3fNCIq0g=="
  "resolved" "https://registry.npmjs.org/@types/node/-/node-14.0.27.tgz"
  "version" "14.0.27"

"acorn-jsx@^5.2.0":
  "integrity" "sha512-HiUX/+K2YpkpJ+SzBffkM/AQ2YE03S0U1kjTLVpoJdhZMOWy8qvXVN9JdLqv2QsaQ6MPYQIuNmwD8zOiYUofLQ=="
  "resolved" "https://registry.npmjs.org/acorn-jsx/-/acorn-jsx-5.2.0.tgz"
  "version" "5.2.0"

"acorn@^6.0.0 || ^7.0.0", "acorn@^7.3.1":
  "integrity" "sha512-+G7P8jJmCHr+S+cLfQxygbWhXy+8YTVGzAkpEbcLo2mLoL7tij/VG41QSHACSf5QgYRhMZYHuNc6drJaO0Da+w=="
  "resolved" "https://registry.npmjs.org/acorn/-/acorn-7.4.0.tgz"
  "version" "7.4.0"

"ajv@^6.10.0", "ajv@^6.10.2":
  "integrity" "sha512-4K0cK3L1hsqk9xIb2z9vs/XU+PGJZ9PNpJRDS9YLzmNdX6jmVPfamLvTJr0aDAusnHyCHO6MjzlkAsgtqp9teA=="
  "resolved" "https://registry.npmjs.org/ajv/-/ajv-6.12.3.tgz"
  "version" "6.12.3"
  dependencies:
    "fast-deep-equal" "^3.1.1"
    "fast-json-stable-stringify" "^2.0.0"
    "json-schema-traverse" "^0.4.1"
    "uri-js" "^4.2.2"

"ansi-colors@^4.1.1":
  "integrity" "sha512-JoX0apGbHaUJBNl6yF+p6JAFYZ666/hhCGKN5t9QFjbJQKUU/g8MNbFDbvfrgKXvI1QpZplPOnwIo99lX/AAmA=="
  "resolved" "https://registry.npmjs.org/ansi-colors/-/ansi-colors-4.1.1.tgz"
  "version" "4.1.1"

"ansi-regex@^4.1.0":
  "integrity" "sha512-1apePfXM1UOSqw0o9IiFAovVz9M5S1Dg+4TrDwfMewQ6p/rmMueb7tWZjQ1rx4Loy1ArBggoqGpfqqdI4rondg=="
  "resolved" "https://registry.npmjs.org/ansi-regex/-/ansi-regex-4.1.0.tgz"
  "version" "4.1.0"

"ansi-regex@^5.0.0":
  "integrity" "sha512-bY6fj56OUQ0hU1KjFNDQuJFezqKdrAyFdIevADiqrWHwSlbmBNMHp5ak2f40Pm8JTFyM2mqxkG6ngkHO11f/lg=="
  "resolved" "https://registry.npmjs.org/ansi-regex/-/ansi-regex-5.0.0.tgz"
  "version" "5.0.0"

"ansi-styles@^3.2.0", "ansi-styles@^3.2.1":
  "integrity" "sha512-VT0ZI6kZRdTh8YyJw3SMbYm/u+NqfsAxEpWO0Pf9sq8/e94WxxOpPKx9FR1FlyCtOVDNOQ+8ntlqFxiRc+r5qA=="
  "resolved" "https://registry.npmjs.org/ansi-styles/-/ansi-styles-3.2.1.tgz"
  "version" "3.2.1"
  dependencies:
    "color-convert" "^1.9.0"

"ansi-styles@^4.1.0":
  "integrity" "sha512-9VGjrMsG1vePxcSweQsN20KY/c4zN0h9fLjqAbwbPfahM3t+NL+M9HC8xeXG2I8pX5NoamTGNuomEUFI7fcUjA=="
  "resolved" "https://registry.npmjs.org/ansi-styles/-/ansi-styles-4.2.1.tgz"
  "version" "4.2.1"
  dependencies:
    "@types/color-name" "^1.1.1"
    "color-convert" "^2.0.1"

"argparse@^1.0.7":
  "integrity" "sha512-o5Roy6tNG4SL/FOkCAN6RzjiakZS25RLYFrcMttJqbdd8BWrnA+fGz57iN5Pb06pvBGvl5gQ0B48dJlslXvoTg=="
  "resolved" "https://registry.npmjs.org/argparse/-/argparse-1.0.10.tgz"
  "version" "1.0.10"
  dependencies:
    "sprintf-js" "~1.0.2"

"astral-regex@^1.0.0":
  "integrity" "sha512-+Ryf6g3BKoRc7jfp7ad8tM4TtMiaWvbF/1/sQcZPkkS7ag3D5nMBCe2UfOTONtAkaG0tO0ij3C5Lwmf1EiyjHg=="
  "resolved" "https://registry.npmjs.org/astral-regex/-/astral-regex-1.0.0.tgz"
  "version" "1.0.0"

"babel-eslint@^10.1.0":
  "integrity" "sha512-ifWaTHQ0ce+448CYop8AdrQiBsGrnC+bMgfyKFdi6EsPLTAWG+QfyDeM6OH+FmWnKvEq5NnBMLvlBUPKQZoDSg=="
  "resolved" "https://registry.npmjs.org/babel-eslint/-/babel-eslint-10.1.0.tgz"
  "version" "10.1.0"
  dependencies:
    "@babel/code-frame" "^7.0.0"
    "@babel/parser" "^7.7.0"
    "@babel/traverse" "^7.7.0"
    "@babel/types" "^7.7.0"
    "eslint-visitor-keys" "^1.0.0"
    "resolve" "^1.12.0"

"balanced-match@^1.0.0":
  "integrity" "sha1-ibTRmasr7kneFk6gK4nORi1xt2c="
  "resolved" "https://registry.npmjs.org/balanced-match/-/balanced-match-1.0.0.tgz"
  "version" "1.0.0"

"brace-expansion@^1.1.7":
  "integrity" "sha512-iCuPHDFgrHX7H2vEI/5xpz07zSHB00TpugqhmYtVmMO6518mCuRMoOYFldEBl0g187ufozdaHgWKcYFb61qGiA=="
  "resolved" "https://registry.npmjs.org/brace-expansion/-/brace-expansion-1.1.11.tgz"
  "version" "1.1.11"
  dependencies:
    "balanced-match" "^1.0.0"
    "concat-map" "0.0.1"

"buffer-from@^1.0.0":
  "integrity" "sha512-MQcXEUbCKtEo7bhqEs6560Hyd4XaovZlO/k9V3hjVUF/zwW7KBVdSK4gIt/bzwS9MbR5qob+F5jusZsb0YQK2A=="
  "resolved" "https://registry.npmjs.org/buffer-from/-/buffer-from-1.1.1.tgz"
  "version" "1.1.1"

"callsites@^3.0.0":
  "integrity" "sha512-P8BjAsXvZS+VIDUI11hHCQEv74YT67YUi5JJFNWIqL235sBmjX4+qx9Muvls5ivyNENctx46xQLQ3aTuE7ssaQ=="
  "resolved" "https://registry.npmjs.org/callsites/-/callsites-3.1.0.tgz"
  "version" "3.1.0"

"chalk@^2.0.0":
  "integrity" "sha512-Mti+f9lpJNcwF4tWV8/OrTTtF1gZi+f8FqlyAdouralcFWFQWF2+NgCHShjkCb+IFBLq9buZwE1xckQU4peSuQ=="
  "resolved" "https://registry.npmjs.org/chalk/-/chalk-2.4.2.tgz"
  "version" "2.4.2"
  dependencies:
    "ansi-styles" "^3.2.1"
    "escape-string-regexp" "^1.0.5"
    "supports-color" "^5.3.0"

"chalk@^4.0.0":
  "integrity" "sha512-qwx12AxXe2Q5xQ43Ac//I6v5aXTipYrSESdOgzrN+9XjgEpyjpKuvSGaN4qE93f7TQTlerQQ8S+EQ0EyDoVL1A=="
  "resolved" "https://registry.npmjs.org/chalk/-/chalk-4.1.0.tgz"
  "version" "4.1.0"
  dependencies:
    "ansi-styles" "^4.1.0"
    "supports-color" "^7.1.0"

"color-convert@^1.9.0":
  "integrity" "sha512-QfAUtd+vFdAtFQcC8CCyYt1fYWxSqAiK2cSD6zDB8N3cpsEBAvRxp9zOGg6G/SHHJYAT88/az/IuDGALsNVbGg=="
  "resolved" "https://registry.npmjs.org/color-convert/-/color-convert-1.9.3.tgz"
  "version" "1.9.3"
  dependencies:
    "color-name" "1.1.3"

"color-convert@^2.0.1":
  "integrity" "sha512-RRECPsj7iu/xb5oKYcsFHSppFNnsj/52OVTRKb4zP5onXwVF3zVmmToNcOfGC+CRDpfK/U584fMg38ZHCaElKQ=="
  "resolved" "https://registry.npmjs.org/color-convert/-/color-convert-2.0.1.tgz"
  "version" "2.0.1"
  dependencies:
    "color-name" "~1.1.4"

"color-name@~1.1.4":
  "integrity" "sha512-dOy+3AuW3a2wNbZHIuMZpTcgjGuLU/uBL/ubcZF9OXbDo8ff4O8yVp5Bf0efS8uEoYo5q4Fx7dY9OgQGXgAsQA=="
  "resolved" "https://registry.npmjs.org/color-name/-/color-name-1.1.4.tgz"
  "version" "1.1.4"

"color-name@1.1.3":
  "integrity" "sha1-p9BVi9icQveV3UIyj3QIMcpTvCU="
  "resolved" "https://registry.npmjs.org/color-name/-/color-name-1.1.3.tgz"
  "version" "1.1.3"

"commander@^2.20.0":
  "integrity" "sha512-GpVkmM8vF2vQUkj2LvZmD35JxeJOLCwJ9cUkugyk2nuhbv3+mJvpLYYt+0+USMxE+oj+ey/lJEnhZw75x/OMcQ=="
  "resolved" "https://registry.npmjs.org/commander/-/commander-2.20.3.tgz"
  "version" "2.20.3"

"concat-map@0.0.1":
  "integrity" "sha1-2Klr13/Wjfd5OnMDajug1UBdR3s="
  "resolved" "https://registry.npmjs.org/concat-map/-/concat-map-0.0.1.tgz"
  "version" "0.0.1"

"cross-spawn@^7.0.2":
  "integrity" "sha512-iRDPJKUPVEND7dHPO8rkbOnPpyDygcDFtWjpeWNCgy8WP2rXcxXL8TskReQl6OrB2G7+UJrags1q15Fudc7G6w=="
  "resolved" "https://registry.npmjs.org/cross-spawn/-/cross-spawn-7.0.3.tgz"
  "version" "7.0.3"
  dependencies:
    "path-key" "^3.1.0"
    "shebang-command" "^2.0.0"
    "which" "^2.0.1"

"debug@^4.0.1", "debug@^4.1.0":
  "integrity" "sha512-pYAIzeRo8J6KPEaJ0VWOh5Pzkbw/RetuzehGM7QRRX5he4fPHx2rdKMB256ehJCkX+XRQm16eZLqLNS8RSZXZw=="
  "resolved" "https://registry.npmjs.org/debug/-/debug-4.1.1.tgz"
  "version" "4.1.1"
  dependencies:
    "ms" "^2.1.1"

"deep-is@^0.1.3":
  "integrity" "sha1-s2nW+128E+7PUk+RsHD+7cNXzzQ="
  "resolved" "https://registry.npmjs.org/deep-is/-/deep-is-0.1.3.tgz"
  "version" "0.1.3"

"doctrine@^3.0.0":
  "integrity" "sha512-yS+Q5i3hBf7GBkd4KG8a7eBNNWNGLTaEwwYWUijIYM7zrlYDM0BFXHjjPWlWZ1Rg7UaddZeIDmi9jF3HmqiQ2w=="
  "resolved" "https://registry.npmjs.org/doctrine/-/doctrine-3.0.0.tgz"
  "version" "3.0.0"
  dependencies:
    "esutils" "^2.0.2"

"emoji-regex@^7.0.1":
  "integrity" "sha512-CwBLREIQ7LvYFB0WyRvwhq5N5qPhc6PMjD6bYggFlI5YyDgl+0vxq5VHbMOFqLg7hfWzmu8T5Z1QofhmTIhItA=="
  "resolved" "https://registry.npmjs.org/emoji-regex/-/emoji-regex-7.0.3.tgz"
  "version" "7.0.3"

"enquirer@^2.3.5":
  "integrity" "sha512-yjNnPr315/FjS4zIsUxYguYUPP2e1NK4d7E7ZOLiyYCcbFBiTMyID+2wvm2w6+pZ/odMA7cRkjhsPbltwBOrLg=="
  "resolved" "https://registry.npmjs.org/enquirer/-/enquirer-2.3.6.tgz"
  "version" "2.3.6"
  dependencies:
    "ansi-colors" "^4.1.1"

"escape-string-regexp@^1.0.5":
  "integrity" "sha1-G2HAViGQqN/2rjuyzwIAyhMLhtQ="
  "resolved" "https://registry.npmjs.org/escape-string-regexp/-/escape-string-regexp-1.0.5.tgz"
  "version" "1.0.5"

"eslint-scope@^5.1.0":
  "integrity" "sha512-iiGRvtxWqgtx5m8EyQUJihBloE4EnYeGE/bz1wSPwJE6tZuJUtHlhqDM4Xj2ukE8Dyy1+HCZ4hE0fzIVMzb58w=="
  "resolved" "https://registry.npmjs.org/eslint-scope/-/eslint-scope-5.1.0.tgz"
  "version" "5.1.0"
  dependencies:
    "esrecurse" "^4.1.0"
    "estraverse" "^4.1.1"

"eslint-utils@^2.1.0":
  "integrity" "sha512-w94dQYoauyvlDc43XnGB8lU3Zt713vNChgt4EWwhXAP2XkBvndfxF0AgIqKOOasjPIPzj9JqgwkwbCYD0/V3Zg=="
  "resolved" "https://registry.npmjs.org/eslint-utils/-/eslint-utils-2.1.0.tgz"
  "version" "2.1.0"
  dependencies:
    "eslint-visitor-keys" "^1.1.0"

"eslint-visitor-keys@^1.0.0", "eslint-visitor-keys@^1.1.0", "eslint-visitor-keys@^1.3.0":
  "integrity" "sha512-6J72N8UNa462wa/KFODt/PJ3IU60SDpC3QXC1Hjc1BXXpfL2C9R5+AU7jhe0F6GREqVMh4Juu+NY7xn+6dipUQ=="
  "resolved" "https://registry.npmjs.org/eslint-visitor-keys/-/eslint-visitor-keys-1.3.0.tgz"
  "version" "1.3.0"

"eslint@^7.6.0", "eslint@>= 4.12.1":
  "integrity" "sha512-QlAManNtqr7sozWm5TF4wIH9gmUm2hE3vNRUvyoYAa4y1l5/jxD/PQStEjBMQtCqZmSep8UxrcecI60hOpe61w=="
  "resolved" "https://registry.npmjs.org/eslint/-/eslint-7.6.0.tgz"
  "version" "7.6.0"
  dependencies:
    "@babel/code-frame" "^7.0.0"
    "ajv" "^6.10.0"
    "chalk" "^4.0.0"
    "cross-spawn" "^7.0.2"
    "debug" "^4.0.1"
    "doctrine" "^3.0.0"
    "enquirer" "^2.3.5"
    "eslint-scope" "^5.1.0"
    "eslint-utils" "^2.1.0"
    "eslint-visitor-keys" "^1.3.0"
    "espree" "^7.2.0"
    "esquery" "^1.2.0"
    "esutils" "^2.0.2"
    "file-entry-cache" "^5.0.1"
    "functional-red-black-tree" "^1.0.1"
    "glob-parent" "^5.0.0"
    "globals" "^12.1.0"
    "ignore" "^4.0.6"
    "import-fresh" "^3.0.0"
    "imurmurhash" "^0.1.4"
    "is-glob" "^4.0.0"
    "js-yaml" "^3.13.1"
    "json-stable-stringify-without-jsonify" "^1.0.1"
    "levn" "^0.4.1"
    "lodash" "^4.17.19"
    "minimatch" "^3.0.4"
    "natural-compare" "^1.4.0"
    "optionator" "^0.9.1"
    "progress" "^2.0.0"
    "regexpp" "^3.1.0"
    "semver" "^7.2.1"
    "strip-ansi" "^6.0.0"
    "strip-json-comments" "^3.1.0"
    "table" "^5.2.3"
    "text-table" "^0.2.0"
    "v8-compile-cache" "^2.0.3"

"espree@^7.2.0":
  "integrity" "sha512-H+cQ3+3JYRMEIOl87e7QdHX70ocly5iW4+dttuR8iYSPr/hXKFb+7dBsZ7+u1adC4VrnPlTkv0+OwuPnDop19g=="
  "resolved" "https://registry.npmjs.org/espree/-/espree-7.2.0.tgz"
  "version" "7.2.0"
  dependencies:
    "acorn" "^7.3.1"
    "acorn-jsx" "^5.2.0"
    "eslint-visitor-keys" "^1.3.0"

"esprima@^4.0.0":
  "integrity" "sha512-eGuFFw7Upda+g4p+QHvnW0RyTX/SVeJBDM/gCtMARO0cLuT2HcEKnTPvhjV6aGeqrCB/sbNop0Kszm0jsaWU4A=="
  "resolved" "https://registry.npmjs.org/esprima/-/esprima-4.0.1.tgz"
  "version" "4.0.1"

"esquery@^1.2.0":
  "integrity" "sha512-olpvt9QG0vniUBZspVRN6lwB7hOZoTRtT+jzR+tS4ffYx2mzbw+z0XCOk44aaLYKApNX5nMm+E+P6o25ip/DHQ=="
  "resolved" "https://registry.npmjs.org/esquery/-/esquery-1.3.1.tgz"
  "version" "1.3.1"
  dependencies:
    "estraverse" "^5.1.0"

"esrecurse@^4.1.0":
  "integrity" "sha512-64RBB++fIOAXPw3P9cy89qfMlvZEXZkqqJkjqqXIvzP5ezRZjW+lPWjw35UX/3EhUPFYbg5ER4JYgDw4007/DQ=="
  "resolved" "https://registry.npmjs.org/esrecurse/-/esrecurse-4.2.1.tgz"
  "version" "4.2.1"
  dependencies:
    "estraverse" "^4.1.0"

"estraverse@^4.1.0", "estraverse@^4.1.1":
  "integrity" "sha512-39nnKffWz8xN1BU/2c79n9nB9HDzo0niYUqx6xyqUnyoAnQyyWpOTdZEeiCch8BBu515t4wp9ZmgVfVhn9EBpw=="
  "resolved" "https://registry.npmjs.org/estraverse/-/estraverse-4.3.0.tgz"
  "version" "4.3.0"

"estraverse@^5.1.0":
  "integrity" "sha512-BxbNGGNm0RyRYvUdHpIwv9IWzeM9XClbOxwoATuFdOE7ZE6wHL+HQ5T8hoPM+zHvmKzzsEqhgy0GrQ5X13afiQ=="
  "resolved" "https://registry.npmjs.org/estraverse/-/estraverse-5.2.0.tgz"
  "version" "5.2.0"

"estree-walker@^1.0.1":
  "integrity" "sha512-1fMXF3YP4pZZVozF8j/ZLfvnR8NSIljt56UhbZ5PeeDmmGHpgpdwQt7ITlGvYaQukCvuBRMLEiKiYC+oeIg4cg=="
  "resolved" "https://registry.npmjs.org/estree-walker/-/estree-walker-1.0.1.tgz"
  "version" "1.0.1"

"esutils@^2.0.2":
  "integrity" "sha512-kVscqXk4OCp68SZ0dkgEKVi6/8ij300KBWTJq32P/dYeWTSwK41WyTxalN1eRmA5Z9UU/LX9D7FWSmV9SAYx6g=="
  "resolved" "https://registry.npmjs.org/esutils/-/esutils-2.0.3.tgz"
  "version" "2.0.3"

"fast-deep-equal@^3.1.1":
  "integrity" "sha512-f3qQ9oQy9j2AhBe/H9VC91wLmKBCCU/gDOnKNAYG5hswO7BLKj09Hc5HYNz9cGI++xlpDCIgDaitVs03ATR84Q=="
  "resolved" "https://registry.npmjs.org/fast-deep-equal/-/fast-deep-equal-3.1.3.tgz"
  "version" "3.1.3"

"fast-json-stable-stringify@^2.0.0":
  "integrity" "sha512-lhd/wF+Lk98HZoTCtlVraHtfh5XYijIjalXck7saUtuanSDyLMxnHhSXEDJqHxD7msR8D0uCmqlkwjCV8xvwHw=="
  "resolved" "https://registry.npmjs.org/fast-json-stable-stringify/-/fast-json-stable-stringify-2.1.0.tgz"
  "version" "2.1.0"

"fast-levenshtein@^2.0.6":
  "integrity" "sha1-PYpcZog6FqMMqGQ+hR8Zuqd5eRc="
  "resolved" "https://registry.npmjs.org/fast-levenshtein/-/fast-levenshtein-2.0.6.tgz"
  "version" "2.0.6"

"file-entry-cache@^5.0.1":
  "integrity" "sha512-bCg29ictuBaKUwwArK4ouCaqDgLZcysCFLmM/Yn/FDoqndh/9vNuQfXRDvTuXKLxfD/JtZQGKFT8MGcJBK644g=="
  "resolved" "https://registry.npmjs.org/file-entry-cache/-/file-entry-cache-5.0.1.tgz"
  "version" "5.0.1"
  dependencies:
    "flat-cache" "^2.0.1"

"flat-cache@^2.0.1":
  "integrity" "sha512-LoQe6yDuUMDzQAEH8sgmh4Md6oZnc/7PjtwjNFSzveXqSHt6ka9fPBuso7IGf9Rz4uqnSnWiFH2B/zj24a5ReA=="
  "resolved" "https://registry.npmjs.org/flat-cache/-/flat-cache-2.0.1.tgz"
  "version" "2.0.1"
  dependencies:
    "flatted" "^2.0.0"
    "rimraf" "2.6.3"
    "write" "1.0.3"

"flatted@^2.0.0":
  "integrity" "sha512-r5wGx7YeOwNWNlCA0wQ86zKyDLMQr+/RB8xy74M4hTphfmjlijTSSXGuH8rnvKZnfT9i+75zmd8jcKdMR4O6jA=="
  "resolved" "https://registry.npmjs.org/flatted/-/flatted-2.0.2.tgz"
  "version" "2.0.2"

"fs.realpath@^1.0.0":
  "integrity" "sha1-FQStJSMVjKpA20onh8sBQRmU6k8="
  "resolved" "https://registry.npmjs.org/fs.realpath/-/fs.realpath-1.0.0.tgz"
  "version" "1.0.0"

"fsevents@~2.1.2":
  "integrity" "sha512-Auw9a4AxqWpa9GUfj370BMPzzyncfBABW8Mab7BGWBYDj4Isgq+cDKtx0i6u9jcX9pQDnswsaaOTgTmA5pEjuQ=="
  "resolved" "https://registry.npmjs.org/fsevents/-/fsevents-2.1.3.tgz"
  "version" "2.1.3"

"function-bind@^1.1.1":
  "integrity" "sha512-yIovAzMX49sF8Yl58fSCWJ5svSLuaibPxXQJFLmBObTuCr0Mf1KiPopGM9NiFjiYBCbfaa2Fh6breQ6ANVTI0A=="
  "resolved" "https://registry.npmjs.org/function-bind/-/function-bind-1.1.1.tgz"
  "version" "1.1.1"

"functional-red-black-tree@^1.0.1":
  "integrity" "sha1-GwqzvVU7Kg1jmdKcDj6gslIHgyc="
  "resolved" "https://registry.npmjs.org/functional-red-black-tree/-/functional-red-black-tree-1.0.1.tgz"
  "version" "1.0.1"

"glob-parent@^5.0.0":
  "integrity" "sha512-FnI+VGOpnlGHWZxthPGR+QhR78fuiK0sNLkHQv+bL9fQi57lNNdquIbna/WrfROrolq8GK5Ek6BiMwqL/voRYQ=="
  "resolved" "https://registry.npmjs.org/glob-parent/-/glob-parent-5.1.1.tgz"
  "version" "5.1.1"
  dependencies:
    "is-glob" "^4.0.1"

"glob@^7.1.3":
  "integrity" "sha512-LwaxwyZ72Lk7vZINtNNrywX0ZuLyStrdDtabefZKAY5ZGJhVtgdznluResxNmPitE0SAO+O26sWTHeKSI2wMBA=="
  "resolved" "https://registry.npmjs.org/glob/-/glob-7.1.6.tgz"
  "version" "7.1.6"
  dependencies:
    "fs.realpath" "^1.0.0"
    "inflight" "^1.0.4"
    "inherits" "2"
    "minimatch" "^3.0.4"
    "once" "^1.3.0"
    "path-is-absolute" "^1.0.0"

"globals@^11.1.0":
  "integrity" "sha512-WOBp/EEGUiIsJSp7wcv/y6MO+lV9UoncWqxuFfm8eBwzWNgyfBd6Gz+IeKQ9jCmyhoH99g15M3T+QaVHFjizVA=="
  "resolved" "https://registry.npmjs.org/globals/-/globals-11.12.0.tgz"
  "version" "11.12.0"

"globals@^12.1.0":
  "integrity" "sha512-BWICuzzDvDoH54NHKCseDanAhE3CeDorgDL5MT6LMXXj2WCnd9UC2szdk4AWLfjdgNBCXLUanXYcpBBKOSWGwg=="
  "resolved" "https://registry.npmjs.org/globals/-/globals-12.4.0.tgz"
  "version" "12.4.0"
  dependencies:
    "type-fest" "^0.8.1"

"has-flag@^3.0.0":
  "integrity" "sha1-tdRU3CGZriJWmfNGfloH87lVuv0="
  "resolved" "https://registry.npmjs.org/has-flag/-/has-flag-3.0.0.tgz"
  "version" "3.0.0"

"has-flag@^4.0.0":
  "integrity" "sha512-EykJT/Q1KjTWctppgIAgfSO0tKVuZUjhgMr17kqTumMl6Afv3EISleU7qZUzoXDFTAHTDC4NOoG/ZxU3EvlMPQ=="
  "resolved" "https://registry.npmjs.org/has-flag/-/has-flag-4.0.0.tgz"
  "version" "4.0.0"

"has@^1.0.3":
  "integrity" "sha512-f2dvO0VU6Oej7RkWJGrehjbzMAjFp5/VKPp5tTpWIV4JHHZK1/BxbFRtf/siA2SWTe09caDmVtYYzWEIbBS4zw=="
  "resolved" "https://registry.npmjs.org/has/-/has-1.0.3.tgz"
  "version" "1.0.3"
  dependencies:
    "function-bind" "^1.1.1"

"ignore@^4.0.6":
  "integrity" "sha512-cyFDKrqc/YdcWFniJhzI42+AzS+gNwmUzOSFcRCQYwySuBBBy/KjuxWLZ/FHEH6Moq1NizMOBWyTcv8O4OZIMg=="
  "resolved" "https://registry.npmjs.org/ignore/-/ignore-4.0.6.tgz"
  "version" "4.0.6"

"import-fresh@^3.0.0":
  "integrity" "sha512-6e1q1cnWP2RXD9/keSkxHScg508CdXqXWgWBaETNhyuBFz+kUZlKboh+ISK+bU++DmbHimVBrOz/zzPe0sZ3sQ=="
  "resolved" "https://registry.npmjs.org/import-fresh/-/import-fresh-3.2.1.tgz"
  "version" "3.2.1"
  dependencies:
    "parent-module" "^1.0.0"
    "resolve-from" "^4.0.0"

"imurmurhash@^0.1.4":
  "integrity" "sha1-khi5srkoojixPcT7a21XbyMUU+o="
  "resolved" "https://registry.npmjs.org/imurmurhash/-/imurmurhash-0.1.4.tgz"
  "version" "0.1.4"

"inflight@^1.0.4":
  "integrity" "sha1-Sb1jMdfQLQwJvJEKEHW6gWW1bfk="
  "resolved" "https://registry.npmjs.org/inflight/-/inflight-1.0.6.tgz"
  "version" "1.0.6"
  dependencies:
    "once" "^1.3.0"
    "wrappy" "1"

"inherits@2":
  "integrity" "sha512-k/vGaX4/Yla3WzyMCvTQOXYeIHvqOKtnqBduzTHpzpQZzAskKMhZ2K+EnBiSM9zGSoIFeMpXKxa4dYeZIQqewQ=="
  "resolved" "https://registry.npmjs.org/inherits/-/inherits-2.0.4.tgz"
  "version" "2.0.4"

"is-core-module@^2.2.0":
  "integrity" "sha512-XRAfAdyyY5F5cOXn7hYQDqh2Xmii+DEfIcQGxK/uNwMHhIkPWO0g8msXcbzLe+MpGoR951MlqM/2iIlU4vKDdQ=="
  "resolved" "https://registry.npmjs.org/is-core-module/-/is-core-module-2.2.0.tgz"
  "version" "2.2.0"
  dependencies:
    "has" "^1.0.3"

"is-extglob@^2.1.1":
  "integrity" "sha1-qIwCU1eR8C7TfHahueqXc8gz+MI="
  "resolved" "https://registry.npmjs.org/is-extglob/-/is-extglob-2.1.1.tgz"
  "version" "2.1.1"

"is-fullwidth-code-point@^2.0.0":
  "integrity" "sha1-o7MKXE8ZkYMWeqq5O+764937ZU8="
  "resolved" "https://registry.npmjs.org/is-fullwidth-code-point/-/is-fullwidth-code-point-2.0.0.tgz"
  "version" "2.0.0"

"is-glob@^4.0.0", "is-glob@^4.0.1":
  "integrity" "sha512-5G0tKtBTFImOqDnLB2hG6Bp2qcKEFduo4tZu9MT/H6NQv/ghhy30o55ufafxJ/LdH79LLs2Kfrn85TLKyA7BUg=="
  "resolved" "https://registry.npmjs.org/is-glob/-/is-glob-4.0.1.tgz"
  "version" "4.0.1"
  dependencies:
    "is-extglob" "^2.1.1"

"isexe@^2.0.0":
  "integrity" "sha1-6PvzdNxVb/iUehDcsFctYz8s+hA="
  "resolved" "https://registry.npmjs.org/isexe/-/isexe-2.0.0.tgz"
  "version" "2.0.0"

"jest-worker@^26.2.1":
  "integrity" "sha512-+XcGMMJDTeEGncRb5M5Zq9P7K4sQ1sirhjdOxsN1462h6lFo9w59bl2LVQmdGEEeU3m+maZCkS2Tcc9SfCHO4A=="
  "resolved" "https://registry.npmjs.org/jest-worker/-/jest-worker-26.2.1.tgz"
  "version" "26.2.1"
  dependencies:
    "@types/node" "*"
    "merge-stream" "^2.0.0"
    "supports-color" "^7.0.0"

"js-tokens@^4.0.0":
  "integrity" "sha512-RdJUflcE3cUzKiMqQgsCu06FPu9UdIJO0beYbPhHN4k6apgJtifcoCtT9bcxOpYBtpD2kCM6Sbzg4CausW/PKQ=="
  "resolved" "https://registry.npmjs.org/js-tokens/-/js-tokens-4.0.0.tgz"
  "version" "4.0.0"

"js-yaml@^3.13.1":
  "integrity" "sha512-/4IbIeHcD9VMHFqDR/gQ7EdZdLimOvW2DdcxFjdyyZ9NsbS+ccrXqVWDtab/lRl5AlUqmpBx8EhPaWR+OtY17A=="
  "resolved" "https://registry.npmjs.org/js-yaml/-/js-yaml-3.14.0.tgz"
  "version" "3.14.0"
  dependencies:
    "argparse" "^1.0.7"
    "esprima" "^4.0.0"

"jsesc@^2.5.1":
  "integrity" "sha512-OYu7XEzjkCQ3C5Ps3QIZsQfNpqoJyZZA99wd9aWd05NCtC5pWOkShK2mkL6HXQR6/Cy2lbNdPlZBpuQHXE63gA=="
  "resolved" "https://registry.npmjs.org/jsesc/-/jsesc-2.5.2.tgz"
  "version" "2.5.2"

"json-schema-traverse@^0.4.1":
  "integrity" "sha512-xbbCH5dCYU5T8LcEhhuh7HJ88HXuW3qsI3Y0zOZFKfZEHcpWiHU/Jxzk629Brsab/mMiHQti9wMP+845RPe3Vg=="
  "resolved" "https://registry.npmjs.org/json-schema-traverse/-/json-schema-traverse-0.4.1.tgz"
  "version" "0.4.1"

"json-stable-stringify-without-jsonify@^1.0.1":
  "integrity" "sha1-nbe1lJatPzz+8wp1FC0tkwrXJlE="
  "resolved" "https://registry.npmjs.org/json-stable-stringify-without-jsonify/-/json-stable-stringify-without-jsonify-1.0.1.tgz"
  "version" "1.0.1"

"levn@^0.4.1":
  "integrity" "sha512-+bT2uH4E5LGE7h/n3evcS/sQlJXCpIp6ym8OWJ5eV6+67Dsql/LaaT7qJBAt2rzfoa/5QBGBhxDix1dMt2kQKQ=="
  "resolved" "https://registry.npmjs.org/levn/-/levn-0.4.1.tgz"
  "version" "0.4.1"
  dependencies:
    "prelude-ls" "^1.2.1"
    "type-check" "~0.4.0"

"lodash@^4.17.14", "lodash@^4.17.19":
  "integrity" "sha512-JNvd8XER9GQX0v2qJgsaN/mzFCNA5BRe/j8JN9d+tWyGLSodKQHKFicdwNYzWwI3wjRnaKPsGj1XkBjx/F96DQ=="
  "resolved" "https://registry.npmjs.org/lodash/-/lodash-4.17.19.tgz"
  "version" "4.17.19"

"merge-stream@^2.0.0":
  "integrity" "sha512-abv/qOcuPfk3URPfDzmZU1LKmuw8kT+0nIHvKrKgFrwifol/doWcdA4ZqsWQ8ENrFKkd67Mfpo/LovbIUsbt3w=="
  "resolved" "https://registry.npmjs.org/merge-stream/-/merge-stream-2.0.0.tgz"
  "version" "2.0.0"

"minimatch@^3.0.4":
  "integrity" "sha512-yJHVQEhyqPLUTgt9B83PXu6W3rx4MvvHvSUvToogpwoGDOUQ+yDrR0HRot+yOCdCO7u4hX3pWft6kWBBcqh0UA=="
  "resolved" "https://registry.npmjs.org/minimatch/-/minimatch-3.0.4.tgz"
  "version" "3.0.4"
  dependencies:
    "brace-expansion" "^1.1.7"

"minimist@^1.2.5":
  "integrity" "sha512-FM9nNUYrRBAELZQT3xeZQ7fmMOBg6nWNmJKTcgsJeaLstP/UODVpGsr5OhXhhXg6f+qtJ8uiZ+PUxkDWcgIXLw=="
  "resolved" "https://registry.npmjs.org/minimist/-/minimist-1.2.5.tgz"
  "version" "1.2.5"

"mkdirp@^0.5.1":
  "integrity" "sha512-NKmAlESf6jMGym1++R0Ra7wvhV+wFW63FaSOFPwRahvea0gMUcGUhVeAg/0BC0wiv9ih5NYPB1Wn1UEI1/L+xQ=="
  "resolved" "https://registry.npmjs.org/mkdirp/-/mkdirp-0.5.5.tgz"
  "version" "0.5.5"
  dependencies:
    "minimist" "^1.2.5"

"ms@^2.1.1":
  "integrity" "sha512-sGkPx+VjMtmA6MX27oA4FBFELFCZZ4S4XqeGOXCv68tT+jb3vk/RyaKWP0PTKyWtmLSM0b+adUTEvbs1PEaH2w=="
  "resolved" "https://registry.npmjs.org/ms/-/ms-2.1.2.tgz"
  "version" "2.1.2"

"natural-compare@^1.4.0":
  "integrity" "sha1-Sr6/7tdUHywnrPspvbvRXI1bpPc="
  "resolved" "https://registry.npmjs.org/natural-compare/-/natural-compare-1.4.0.tgz"
  "version" "1.4.0"

"once@^1.3.0":
  "integrity" "sha1-WDsap3WWHUsROsF9nFC6753Xa9E="
  "resolved" "https://registry.npmjs.org/once/-/once-1.4.0.tgz"
  "version" "1.4.0"
  dependencies:
    "wrappy" "1"

"optionator@^0.9.1":
  "integrity" "sha512-74RlY5FCnhq4jRxVUPKDaRwrVNXMqsGsiW6AJw4XK8hmtm10wC0ypZBLw5IIp85NZMr91+qd1RvvENwg7jjRFw=="
  "resolved" "https://registry.npmjs.org/optionator/-/optionator-0.9.1.tgz"
  "version" "0.9.1"
  dependencies:
    "deep-is" "^0.1.3"
    "fast-levenshtein" "^2.0.6"
    "levn" "^0.4.1"
    "prelude-ls" "^1.2.1"
    "type-check" "^0.4.0"
    "word-wrap" "^1.2.3"

"parent-module@^1.0.0":
  "integrity" "sha512-GQ2EWRpQV8/o+Aw8YqtfZZPfNRWZYkbidE9k5rpl/hC3vtHHBfGm2Ifi6qWV+coDGkrUKZAxE3Lot5kcsRlh+g=="
  "resolved" "https://registry.npmjs.org/parent-module/-/parent-module-1.0.1.tgz"
  "version" "1.0.1"
  dependencies:
    "callsites" "^3.0.0"

"path-is-absolute@^1.0.0":
  "integrity" "sha1-F0uSaHNVNP+8es5r9TpanhtcX18="
  "resolved" "https://registry.npmjs.org/path-is-absolute/-/path-is-absolute-1.0.1.tgz"
  "version" "1.0.1"

"path-key@^3.1.0":
  "integrity" "sha512-ojmeN0qd+y0jszEtoY48r0Peq5dwMEkIlCOu6Q5f41lfkswXuKtYrhgoTpLnyIcHm24Uhqx+5Tqm2InSwLhE6Q=="
  "resolved" "https://registry.npmjs.org/path-key/-/path-key-3.1.1.tgz"
  "version" "3.1.1"

"path-parse@^1.0.6":
  "integrity" "sha512-GSmOT2EbHrINBf9SR7CDELwlJ8AENk3Qn7OikK4nFYAu3Ote2+JYNVvkpAEQm3/TLNEJFD/xZJjzyxg3KBWOzw=="
  "resolved" "https://registry.npmjs.org/path-parse/-/path-parse-1.0.6.tgz"
  "version" "1.0.6"

"picomatch@^2.2.2":
  "integrity" "sha512-q0M/9eZHzmr0AulXyPwNfZjtwZ/RBZlbN3K3CErVrk50T2ASYI7Bye0EvekFY3IP1Nt2DHu0re+V2ZHIpMkuWg=="
  "resolved" "https://registry.npmjs.org/picomatch/-/picomatch-2.2.2.tgz"
  "version" "2.2.2"

"prelude-ls@^1.2.1":
  "integrity" "sha512-vkcDPrRZo1QZLbn5RLGPpg/WmIQ65qoWWhcGKf/b5eplkkarX0m9z8ppCat4mlOqUsWpyNuYgO3VRyrYHSzX5g=="
  "resolved" "https://registry.npmjs.org/prelude-ls/-/prelude-ls-1.2.1.tgz"
  "version" "1.2.1"

"progress@^2.0.0":
  "integrity" "sha512-7PiHtLll5LdnKIMw100I+8xJXR5gW2QwWYkT6iJva0bXitZKa/XMrSbdmg3r2Xnaidz9Qumd0VPaMrZlF9V9sA=="
  "resolved" "https://registry.npmjs.org/progress/-/progress-2.0.3.tgz"
  "version" "2.0.3"

"punycode@^2.1.0":
  "integrity" "sha512-XRsRjdf+j5ml+y/6GKHPZbrF/8p2Yga0JPtdqTIY2Xe5ohJPD9saDJJLPvp9+NSBprVvevdXZybnj2cv8OEd0A=="
  "resolved" "https://registry.npmjs.org/punycode/-/punycode-2.1.1.tgz"
  "version" "2.1.1"

"randombytes@^2.1.0":
  "integrity" "sha512-vYl3iOX+4CKUWuxGi9Ukhie6fsqXqS9FE2Zaic4tNFD2N2QQaXOMFbuKK4QmDHC0JO6B1Zp41J0LpT0oR68amQ=="
  "resolved" "https://registry.npmjs.org/randombytes/-/randombytes-2.1.0.tgz"
  "version" "2.1.0"
  dependencies:
    "safe-buffer" "^5.1.0"

"regexpp@^3.1.0":
  "integrity" "sha512-ZOIzd8yVsQQA7j8GCSlPGXwg5PfmA1mrq0JP4nGhh54LaKN3xdai/vHUDu74pKwV8OxseMS65u2NImosQcSD0Q=="
  "resolved" "https://registry.npmjs.org/regexpp/-/regexpp-3.1.0.tgz"
  "version" "3.1.0"

"resolve-from@^4.0.0":
  "integrity" "sha512-pb/MYmXstAkysRFx8piNI1tGFNQIFA3vkE3Gq4EuA1dF6gHp/+vgZqsCGJapvy8N3Q+4o7FwvquPJcnZ7RYy4g=="
  "resolved" "https://registry.npmjs.org/resolve-from/-/resolve-from-4.0.0.tgz"
  "version" "4.0.0"

"resolve@^1.12.0", "resolve@^1.17.0":
  "integrity" "sha512-wENBPt4ySzg4ybFQW2TT1zMQucPK95HSh/nq2CFTZVOGut2+pQvSsgtda4d26YrYcr067wjbmzOG8byDPBX63A=="
  "resolved" "https://registry.npmjs.org/resolve/-/resolve-1.20.0.tgz"
  "version" "1.20.0"
  dependencies:
    "is-core-module" "^2.2.0"
    "path-parse" "^1.0.6"

"rimraf@2.6.3":
  "integrity" "sha512-mwqeW5XsA2qAejG46gYdENaxXjx9onRNCfn7L0duuP4hCuTIi/QO7PDK07KJfp1d+izWPrzEJDcSqBa0OZQriA=="
  "resolved" "https://registry.npmjs.org/rimraf/-/rimraf-2.6.3.tgz"
  "version" "2.6.3"
  dependencies:
    "glob" "^7.1.3"

"rollup-plugin-terser@^7.0.0":
  "integrity" "sha512-p/N3lLiFusCjYTLfVkoaiRTOGr5AESEaljMPH12MhOtoMkmTBhIAfuadrcWy4am1U0vU4WTxO9fi0K09O4CboQ=="
  "resolved" "https://registry.npmjs.org/rollup-plugin-terser/-/rollup-plugin-terser-7.0.0.tgz"
  "version" "7.0.0"
  dependencies:
    "@babel/code-frame" "^7.10.4"
    "jest-worker" "^26.2.1"
    "serialize-javascript" "^4.0.0"
    "terser" "^5.0.0"

"rollup@^1.20.0||^2.0.0", "rollup@^2.0.0", "rollup@^2.14.0", "rollup@^2.23.1":
  "integrity" "sha512-Heyl885+lyN/giQwxA8AYT2GY3U+gOlTqVLrMQYno8Z1X9lAOpfXPiKiZCyPc25e9BLJM3Zlh957dpTlO4pa8A=="
  "resolved" "https://registry.npmjs.org/rollup/-/rollup-2.23.1.tgz"
  "version" "2.23.1"
  dependencies:
    "fsevents" "~2.1.2"
  optionalDependencies:
    "fsevents" "~2.1.2"

"safe-buffer@^5.1.0":
  "integrity" "sha512-rp3So07KcdmmKbGvgaNxQSJr7bGVSVk5S9Eq1F+ppbRo70+YeaDxkw5Dd8NPN+GD6bjnYm2VuPuCXmpuYvmCXQ=="
  "resolved" "https://registry.npmjs.org/safe-buffer/-/safe-buffer-5.2.1.tgz"
  "version" "5.2.1"

"semver@^7.2.1":
  "integrity" "sha512-OrOb32TeeambH6UrhtShmF7CRDqhL6/5XpPNp2DuRH6+9QLw/orhp72j87v8Qa1ScDkvrrBNpZcDejAirJmfXQ=="
  "resolved" "https://registry.npmjs.org/semver/-/semver-7.3.2.tgz"
  "version" "7.3.2"

"serialize-javascript@^4.0.0":
  "integrity" "sha512-GaNA54380uFefWghODBWEGisLZFj00nS5ACs6yHa9nLqlLpVLO8ChDGeKRjZnV4Nh4n0Qi7nhYZD/9fCPzEqkw=="
  "resolved" "https://registry.npmjs.org/serialize-javascript/-/serialize-javascript-4.0.0.tgz"
  "version" "4.0.0"
  dependencies:
    "randombytes" "^2.1.0"

"shebang-command@^2.0.0":
  "integrity" "sha512-kHxr2zZpYtdmrN1qDjrrX/Z1rR1kG8Dx+gkpK1G4eXmvXswmcE1hTWBWYUzlraYw1/yZp6YuDY77YtvbN0dmDA=="
  "resolved" "https://registry.npmjs.org/shebang-command/-/shebang-command-2.0.0.tgz"
  "version" "2.0.0"
  dependencies:
    "shebang-regex" "^3.0.0"

"shebang-regex@^3.0.0":
  "integrity" "sha512-7++dFhtcx3353uBaq8DDR4NuxBetBzC7ZQOhmTQInHEd6bSrXdiEyzCvG07Z44UYdLShWUyXt5M/yhz8ekcb1A=="
  "resolved" "https://registry.npmjs.org/shebang-regex/-/shebang-regex-3.0.0.tgz"
  "version" "3.0.0"

"slice-ansi@^2.1.0":
  "integrity" "sha512-Qu+VC3EwYLldKa1fCxuuvULvSJOKEgk9pi8dZeCVK7TqBfUNTH4sFkk4joj8afVSfAYgJoSOetjx9QWOJ5mYoQ=="
  "resolved" "https://registry.npmjs.org/slice-ansi/-/slice-ansi-2.1.0.tgz"
  "version" "2.1.0"
  dependencies:
    "ansi-styles" "^3.2.0"
    "astral-regex" "^1.0.0"
    "is-fullwidth-code-point" "^2.0.0"

"source-map-support@~0.5.12":
  "integrity" "sha512-Wonm7zOCIJzBGQdB+thsPar0kYuCIzYvxZwlBa87yi/Mdjv7Tip2cyVbLj5o0cFPN4EVkuTwb3GDDyUx2DGnGw=="
  "resolved" "https://registry.npmjs.org/source-map-support/-/source-map-support-0.5.19.tgz"
  "version" "0.5.19"
  dependencies:
    "buffer-from" "^1.0.0"
    "source-map" "^0.6.0"

"source-map@^0.5.0":
  "integrity" "sha1-igOdLRAh0i0eoUyA2OpGi6LvP8w="
  "resolved" "https://registry.npmjs.org/source-map/-/source-map-0.5.7.tgz"
  "version" "0.5.7"

"source-map@^0.6.0":
  "integrity" "sha512-UjgapumWlbMhkBgzT7Ykc5YXUT46F0iKu8SGXq0bcwP5dz/h0Plj6enJqjz1Zbq2l5WaqYnrVbwWOWMyF3F47g=="
  "resolved" "https://registry.npmjs.org/source-map/-/source-map-0.6.1.tgz"
  "version" "0.6.1"

"source-map@~0.6.1":
  "integrity" "sha512-UjgapumWlbMhkBgzT7Ykc5YXUT46F0iKu8SGXq0bcwP5dz/h0Plj6enJqjz1Zbq2l5WaqYnrVbwWOWMyF3F47g=="
  "resolved" "https://registry.npmjs.org/source-map/-/source-map-0.6.1.tgz"
  "version" "0.6.1"

"sprintf-js@~1.0.2":
  "integrity" "sha1-BOaSb2YolTVPPdAVIDYzuFcpfiw="
  "resolved" "https://registry.npmjs.org/sprintf-js/-/sprintf-js-1.0.3.tgz"
  "version" "1.0.3"

"string-width@^3.0.0":
  "integrity" "sha512-vafcv6KjVZKSgz06oM/H6GDBrAtz8vdhQakGjFIvNrHA6y3HCF1CInLy+QLq8dTJPQ1b+KDUqDFctkdRW44e1w=="
  "resolved" "https://registry.npmjs.org/string-width/-/string-width-3.1.0.tgz"
  "version" "3.1.0"
  dependencies:
    "emoji-regex" "^7.0.1"
    "is-fullwidth-code-point" "^2.0.0"
    "strip-ansi" "^5.1.0"

"strip-ansi@^5.1.0":
  "integrity" "sha512-DuRs1gKbBqsMKIZlrffwlug8MHkcnpjs5VPmL1PAh+mA30U0DTotfDZ0d2UUsXpPmPmMMJ6W773MaA3J+lbiWA=="
  "resolved" "https://registry.npmjs.org/strip-ansi/-/strip-ansi-5.2.0.tgz"
  "version" "5.2.0"
  dependencies:
    "ansi-regex" "^4.1.0"

"strip-ansi@^6.0.0":
  "integrity" "sha512-AuvKTrTfQNYNIctbR1K/YGTR1756GycPsg7b9bdV9Duqur4gv6aKqHXah67Z8ImS7WEz5QVcOtlfW2rZEugt6w=="
  "resolved" "https://registry.npmjs.org/strip-ansi/-/strip-ansi-6.0.0.tgz"
  "version" "6.0.0"
  dependencies:
    "ansi-regex" "^5.0.0"

"strip-json-comments@^3.1.0":
  "integrity" "sha512-6fPc+R4ihwqP6N/aIv2f1gMH8lOVtWQHoqC4yK6oSDVVocumAsfCqjkXnqiYMhmMwS/mEHLp7Vehlt3ql6lEig=="
  "resolved" "https://registry.npmjs.org/strip-json-comments/-/strip-json-comments-3.1.1.tgz"
  "version" "3.1.1"

"supports-color@^5.3.0":
  "integrity" "sha512-QjVjwdXIt408MIiAqCX4oUKsgU2EqAGzs2Ppkm4aQYbjm+ZEWEcW4SfFNTr4uMNZma0ey4f5lgLrkB0aX0QMow=="
  "resolved" "https://registry.npmjs.org/supports-color/-/supports-color-5.5.0.tgz"
  "version" "5.5.0"
  dependencies:
    "has-flag" "^3.0.0"

"supports-color@^7.0.0":
  "integrity" "sha512-oRSIpR8pxT1Wr2FquTNnGet79b3BWljqOuoW/h4oBhxJ/HUbX5nX6JSruTkvXDCFMwDPvsaTTbvMLKZWSy0R5g=="
  "resolved" "https://registry.npmjs.org/supports-color/-/supports-color-7.1.0.tgz"
  "version" "7.1.0"
  dependencies:
    "has-flag" "^4.0.0"

"supports-color@^7.1.0":
  "integrity" "sha512-oRSIpR8pxT1Wr2FquTNnGet79b3BWljqOuoW/h4oBhxJ/HUbX5nX6JSruTkvXDCFMwDPvsaTTbvMLKZWSy0R5g=="
  "resolved" "https://registry.npmjs.org/supports-color/-/supports-color-7.1.0.tgz"
  "version" "7.1.0"
  dependencies:
    "has-flag" "^4.0.0"

"table@^5.2.3":
  "integrity" "sha512-wmEc8m4fjnob4gt5riFRtTu/6+4rSe12TpAELNSqHMfF3IqnA+CH37USM6/YR3qRZv7e56kAEAtd6nKZaxe0Ug=="
  "resolved" "https://registry.npmjs.org/table/-/table-5.4.6.tgz"
  "version" "5.4.6"
  dependencies:
    "ajv" "^6.10.2"
    "lodash" "^4.17.14"
    "slice-ansi" "^2.1.0"
    "string-width" "^3.0.0"

"terser@^5.0.0":
  "integrity" "sha512-olH2DwGINoSuEpSGd+BsPuAQaA3OrHnHnFL/rDB2TVNc3srUbz/rq/j2BlF4zDXI+JqAvGr86bIm1R2cJgZ3FA=="
  "resolved" "https://registry.npmjs.org/terser/-/terser-5.0.0.tgz"
  "version" "5.0.0"
  dependencies:
    "commander" "^2.20.0"
    "source-map" "~0.6.1"
    "source-map-support" "~0.5.12"

"text-table@^0.2.0":
  "integrity" "sha1-f17oI66AUgfACvLfSoTsP8+lcLQ="
  "resolved" "https://registry.npmjs.org/text-table/-/text-table-0.2.0.tgz"
  "version" "0.2.0"

"to-fast-properties@^2.0.0":
  "integrity" "sha1-3F5pjL0HkmW8c+A3doGk5Og/YW4="
  "resolved" "https://registry.npmjs.org/to-fast-properties/-/to-fast-properties-2.0.0.tgz"
  "version" "2.0.0"

"tslib@*", "tslib@^2.1.0":
  "integrity" "sha512-hcVC3wYEziELGGmEEXue7D75zbwIIVUMWAVbHItGPx0ziyXxrOMQx4rQEVEV45Ut/1IotuEvwqPopzIOkDMf0A=="
  "resolved" "https://registry.npmjs.org/tslib/-/tslib-2.1.0.tgz"
  "version" "2.1.0"

"type-check@^0.4.0", "type-check@~0.4.0":
  "integrity" "sha512-XleUoc9uwGXqjWwXaUTZAmzMcFZ5858QA2vvx1Ur5xIcixXIP+8LnFDgRplU30us6teqdlskFfu+ae4K79Ooew=="
  "resolved" "https://registry.npmjs.org/type-check/-/type-check-0.4.0.tgz"
  "version" "0.4.0"
  dependencies:
    "prelude-ls" "^1.2.1"

"type-fest@^0.8.1":
  "integrity" "sha512-4dbzIzqvjtgiM5rw1k5rEHtBANKmdudhGyBEajN01fEyhaAIhsoKNy6y7+IN93IfpFtwY9iqi7kD+xwKhQsNJA=="
  "resolved" "https://registry.npmjs.org/type-fest/-/type-fest-0.8.1.tgz"
  "version" "0.8.1"

"typescript@^4.2.2", "typescript@>=3.4.0":
  "integrity" "sha512-tbb+NVrLfnsJy3M59lsDgrzWIflR4d4TIUjz+heUnHZwdF7YsrMTKoRERiIvI2lvBG95dfpLxB21WZhys1bgaQ=="
  "resolved" "https://registry.npmjs.org/typescript/-/typescript-4.2.2.tgz"
  "version" "4.2.2"

"uri-js@^4.2.2":
  "integrity" "sha512-KY9Frmirql91X2Qgjry0Wd4Y+YTdrdZheS8TFwvkbLWf/G5KNJDCh6pKL5OZctEW4+0Baa5idK2ZQuELRwPznQ=="
  "resolved" "https://registry.npmjs.org/uri-js/-/uri-js-4.2.2.tgz"
  "version" "4.2.2"
  dependencies:
    "punycode" "^2.1.0"

"v8-compile-cache@^2.0.3":
  "integrity" "sha512-8OQ9CL+VWyt3JStj7HX7/ciTL2V3Rl1Wf5OL+SNTm0yK1KvtReVulksyeRnCANHHuUxHlQig+JJDlUhBt1NQDQ=="
  "resolved" "https://registry.npmjs.org/v8-compile-cache/-/v8-compile-cache-2.1.1.tgz"
  "version" "2.1.1"

"which@^2.0.1":
  "integrity" "sha512-BLI3Tl1TW3Pvl70l3yq3Y64i+awpwXqsGBYWkkqMtnbXgrMD+yj7rhW0kuEDxzJaYXGjEW5ogapKNMEKNMjibA=="
  "resolved" "https://registry.npmjs.org/which/-/which-2.0.2.tgz"
  "version" "2.0.2"
  dependencies:
    "isexe" "^2.0.0"

"word-wrap@^1.2.3":
  "integrity" "sha512-Hz/mrNwitNRh/HUAtM/VT/5VH+ygD6DV7mYKZAtHOrbs8U7lvPS6xf7EJKMF0uW1KJCl0H701g3ZGus+muE5vQ=="
  "resolved" "https://registry.npmjs.org/word-wrap/-/word-wrap-1.2.3.tgz"
  "version" "1.2.3"

"wrappy@1":
  "integrity" "sha1-tSQ9jz7BqjXxNkYFvA0QNuMKtp8="
  "resolved" "https://registry.npmjs.org/wrappy/-/wrappy-1.0.2.tgz"
  "version" "1.0.2"

"write@1.0.3":
  "integrity" "sha512-/lg70HAjtkUgWPVZhZcm+T4hkL8Zbtp1nFNOn3lRrxnlv50SRBv7cR7RqR+GMsd3hUXy9hWBo4CHTbFTcOYwig=="
  "resolved" "https://registry.npmjs.org/write/-/write-1.0.3.tgz"
  "version" "1.0.3"
  dependencies:
    "mkdirp" "^0.5.1"
